<?xml version="1.0" encoding="utf-8"?>
<Project ToolsVersion="4.0" xmlns="http://schemas.microsoft.com/developer/msbuild/2003">
  <ItemGroup>
    <Filter Include="Motus">
      <UniqueIdentifier>{FD39AF0D-694E-D7BE-32D0-7A1E9EA3D3EF}</UniqueIdentifier>
    </Filter>
    <Filter Include="Motus\Core">
      <UniqueIdentifier>{7524BD3A-61DC-FE87-CAE3-D7E3B6BA9978}</UniqueIdentifier>
    </Filter>
    <Filter Include="Motus\Events">
      <UniqueIdentifier>{4127BAE3-2D8A-4988-D60F-823EC251150B}</UniqueIdentifier>
    </Filter>
    <Filter Include="Motus\ImGui">
      <UniqueIdentifier>{E778CC92-532E-4588-DC22-3F5F48D73B8C}</UniqueIdentifier>
    </Filter>
    <Filter Include="Platform">
      <UniqueIdentifier>{2AC788B4-1694-E3BF-3FAD-D1672BD9184E}</UniqueIdentifier>
    </Filter>
    <Filter Include="Platform\OpenGL3">
      <UniqueIdentifier>{1121BCC2-FD19-DB14-264C-C09912A4BA20}</UniqueIdentifier>
    </Filter>
    <Filter Include="Platform\Windows">
      <UniqueIdentifier>{64FBD71A-50F4-F66C-7926-DCF1657ED678}</UniqueIdentifier>
    </Filter>
  </ItemGroup>
  <ItemGroup>
    <ClInclude Include="src\Motus.h" />
    <ClInclude Include="src\Motus\Core\Application.h">
      <Filter>Motus\Core</Filter>
    </ClInclude>
    <ClInclude Include="src\Motus\Core\Base.h">
      <Filter>Motus\Core</Filter>
    </ClInclude>
    <ClInclude Include="src\Motus\Core\EntryPoint.h">
      <Filter>Motus\Core</Filter>
    </ClInclude>
    <ClInclude Include="src\Motus\Core\Layer.h">
      <Filter>Motus\Core</Filter>
    </ClInclude>
    <ClInclude Include="src\Motus\Core\LayerStack.h">
      <Filter>Motus\Core</Filter>
    </ClInclude>
    <ClInclude Include="src\Motus\Core\Logger.h">
      <Filter>Motus\Core</Filter>
    </ClInclude>
    <ClInclude Include="src\Motus\Core\Window.h">
      <Filter>Motus\Core</Filter>
    </ClInclude>
    <ClInclude Include="src\Motus\Events\ApplicationEvent.h">
      <Filter>Motus\Events</Filter>
    </ClInclude>
    <ClInclude Include="src\Motus\Events\Event.h">
      <Filter>Motus\Events</Filter>
    </ClInclude>
    <ClInclude Include="src\Motus\Events\KeyEvent.h">
      <Filter>Motus\Events</Filter>
    </ClInclude>
    <ClInclude Include="src\Motus\Events\MouseEvent.h">
      <Filter>Motus\Events</Filter>
    </ClInclude>
    <ClInclude Include="src\Motus\ImGui\ImGUILayer.h">
      <Filter>Motus\ImGui</Filter>
    </ClInclude>
    <ClInclude Include="src\Platform\OpenGL3\imgui_impl_glfw.h">
      <Filter>Platform\OpenGL3</Filter>
    </ClInclude>
    <ClInclude Include="src\Platform\OpenGL3\imguiopengl.h">
      <Filter>Platform\OpenGL3</Filter>
    </ClInclude>
    <ClInclude Include="src\Platform\Windows\WindowsWindow.h">
      <Filter>Platform\Windows</Filter>
    </ClInclude>
    <ClInclude Include="src\motus_pch.h" />
  </ItemGroup>
  <ItemGroup>
    <ClCompile Include="src\Motus\Core\Application.cpp">
      <Filter>Motus\Core</Filter>
    </ClCompile>
    <ClCompile Include="src\Motus\Core\Layer.cpp">
      <Filter>Motus\Core</Filter>
    </ClCompile>
    <ClCompile Include="src\Motus\Core\LayerStack.cpp">
      <Filter>Motus\Core</Filter>
    </ClCompile>
    <ClCompile Include="src\Motus\Core\Logger.cpp">
      <Filter>Motus\Core</Filter>
    </ClCompile>
    <ClCompile Include="src\Motus\Core\Window.cpp">
      <Filter>Motus\Core</Filter>
    </ClCompile>
    <ClCompile Include="src\Motus\ImGui\ImGUILayer.cpp">
      <Filter>Motus\ImGui</Filter>
    </ClCompile>
    <ClCompile Include="src\Platform\OpenGL3\imgui_impl_glfw.cpp">
      <Filter>Platform\OpenGL3</Filter>
    </ClCompile>
    <ClCompile Include="src\Platform\OpenGL3\imguiopengl.cpp">
      <Filter>Platform\OpenGL3</Filter>
    </ClCompile>
    <ClCompile Include="src\Platform\Windows\WindowsWindow.cpp">
      <Filter>Platform\Windows</Filter>
    </ClCompile>
    <ClCompile Include="src\motus_pch.cpp" />
  </ItemGroup>
</Project>