<?xml version="1.0" encoding="utf-8"?>
<Project ToolsVersion="4.0" xmlns="http://schemas.microsoft.com/developer/msbuild/2003">
  <ItemGroup>
    <Filter Include="Motus">
      <UniqueIdentifier>{FD39AF0D-694E-D7BE-32D0-7A1E9EA3D3EF}</UniqueIdentifier>
    </Filter>
  </ItemGroup>
  <ItemGroup>
    <ClInclude Include="src\Motus.h" />
    <ClInclude Include="src\Motus\Application.h">
      <Filter>Motus</Filter>
    </ClInclude>
    <ClInclude Include="src\Motus\Core.h">
      <Filter>Motus</Filter>
    </ClInclude>
    <ClInclude Include="src\Motus\EntryPoint.h">
      <Filter>Motus</Filter>
    </ClInclude>
    <ClInclude Include="src\Motus\Logger.h">
      <Filter>Motus</Filter>
    </ClInclude>
  </ItemGroup>
  <ItemGroup>
    <ClCompile Include="src\Motus\Application.cpp">
      <Filter>Motus</Filter>
    </ClCompile>
    <ClCompile Include="src\Motus\Logger.cpp">
      <Filter>Motus</Filter>
    </ClCompile>
  </ItemGroup>
</Project>